
Microsoft Visual Studio Solution File, Format Version 12.00
# Visual Studio Version 16
VisualStudioVersion = 16.0.32126.315
MinimumVisualStudioVersion = 10.0.40219.1
Project("{8BC9CEB8-8B4A-11D0-8D11-00A0C91BC942}") = "1_Game", "1_Game\1_Game.vcxproj", "{3A9E52B8-1ABE-4E98-8AC5-13E588CCF7BD}"
	ProjectSection(ProjectDependencies) = postProject
		{678BE40C-C04A-4FDE-9090-6FCCC9D34915} = {678BE40C-C04A-4FDE-9090-6FCCC9D34915}
	EndProjectSection
EndProject
Project("{8BC9CEB8-8B4A-11D0-8D11-00A0C91BC942}") = "godEngine", "godEngine\godEngine.vcxproj", "{678BE40C-C04A-4FDE-9090-6FCCC9D34915}"
	ProjectSection(ProjectDependencies) = postProject
		{02A2996C-3EFB-4182-99E9-4E4138EDBEFE} = {02A2996C-3EFB-4182-99E9-4E4138EDBEFE}
		{1E005290-FFE0-46B3-89EF-993BE9EF691A} = {1E005290-FFE0-46B3-89EF-993BE9EF691A}
	EndProjectSection
EndProject
Project("{8BC9CEB8-8B4A-11D0-8D11-00A0C91BC942}") = "godWindow", "godWindow\godWindow.vcxproj", "{02A2996C-3EFB-4182-99E9-4E4138EDBEFE}"
EndProject
Project("{8BC9CEB8-8B4A-11D0-8D11-00A0C91BC942}") = "godOpenGL", "godOpenGL\godOpenGL.vcxproj", "{1E005290-FFE0-46B3-89EF-993BE9EF691A}"
EndProject
Project("{8BC9CEB8-8B4A-11D0-8D11-00A0C91BC942}") = "godCamera", "godCamera\godCamera.vcxproj", "{7E7C45B6-C7F3-4ED6-BC83-988B06B00E25}"
EndProject
Global
	GlobalSection(SolutionConfigurationPlatforms) = preSolution
		Debug|x64 = Debug|x64
		Debug|x86 = Debug|x86
		Release|x64 = Release|x64
		Release|x86 = Release|x86
	EndGlobalSection
	GlobalSection(ProjectConfigurationPlatforms) = postSolution
		{3A9E52B8-1ABE-4E98-8AC5-13E588CCF7BD}.Debug|x64.ActiveCfg = Debug|x64
		{3A9E52B8-1ABE-4E98-8AC5-13E588CCF7BD}.Debug|x64.Build.0 = Debug|x64
		{3A9E52B8-1ABE-4E98-8AC5-13E588CCF7BD}.Debug|x86.ActiveCfg = Debug|x64
		{3A9E52B8-1ABE-4E98-8AC5-13E588CCF7BD}.Release|x64.ActiveCfg = Debug|x64
		{3A9E52B8-1ABE-4E98-8AC5-13E588CCF7BD}.Release|x64.Build.0 = Debug|x64
		{3A9E52B8-1ABE-4E98-8AC5-13E588CCF7BD}.Release|x86.ActiveCfg = Release|x64
		{678BE40C-C04A-4FDE-9090-6FCCC9D34915}.Debug|x64.ActiveCfg = Debug|x64
		{678BE40C-C04A-4FDE-9090-6FCCC9D34915}.Debug|x64.Build.0 = Debug|x64
		{678BE40C-C04A-4FDE-9090-6FCCC9D34915}.Debug|x86.ActiveCfg = Debug|x64
		{678BE40C-C04A-4FDE-9090-6FCCC9D34915}.Release|x64.ActiveCfg = Release|x64
		{678BE40C-C04A-4FDE-9090-6FCCC9D34915}.Release|x64.Build.0 = Release|x64
		{678BE40C-C04A-4FDE-9090-6FCCC9D34915}.Release|x86.ActiveCfg = Release|x64
		{02A2996C-3EFB-4182-99E9-4E4138EDBEFE}.Debug|x64.ActiveCfg = Debug|x64
		{02A2996C-3EFB-4182-99E9-4E4138EDBEFE}.Debug|x64.Build.0 = Debug|x64
		{02A2996C-3EFB-4182-99E9-4E4138EDBEFE}.Debug|x86.ActiveCfg = Debug|x64
		{02A2996C-3EFB-4182-99E9-4E4138EDBEFE}.Release|x64.ActiveCfg = Release|x64
		{02A2996C-3EFB-4182-99E9-4E4138EDBEFE}.Release|x64.Build.0 = Release|x64
		{02A2996C-3EFB-4182-99E9-4E4138EDBEFE}.Release|x86.ActiveCfg = Release|x64
		{1E005290-FFE0-46B3-89EF-993BE9EF691A}.Debug|x64.ActiveCfg = Debug|x64
		{1E005290-FFE0-46B3-89EF-993BE9EF691A}.Debug|x64.Build.0 = Debug|x64
		{1E005290-FFE0-46B3-89EF-993BE9EF691A}.Debug|x86.ActiveCfg = Debug|x64
		{1E005290-FFE0-46B3-89EF-993BE9EF691A}.Release|x64.ActiveCfg = Release|x64
		{1E005290-FFE0-46B3-89EF-993BE9EF691A}.Release|x64.Build.0 = Release|x64
		{1E005290-FFE0-46B3-89EF-993BE9EF691A}.Release|x86.ActiveCfg = Release|x64
		{7E7C45B6-C7F3-4ED6-BC83-988B06B00E25}.Debug|x64.ActiveCfg = Debug|x64
		{7E7C45B6-C7F3-4ED6-BC83-988B06B00E25}.Debug|x64.Build.0 = Debug|x64
		{7E7C45B6-C7F3-4ED6-BC83-988B06B00E25}.Debug|x86.ActiveCfg = Debug|x64
		{7E7C45B6-C7F3-4ED6-BC83-988B06B00E25}.Release|x64.ActiveCfg = Release|x64
		{7E7C45B6-C7F3-4ED6-BC83-988B06B00E25}.Release|x64.Build.0 = Release|x64
		{7E7C45B6-C7F3-4ED6-BC83-988B06B00E25}.Release|x86.ActiveCfg = Release|x64
	EndGlobalSection
	GlobalSection(SolutionProperties) = preSolution
		HideSolutionNode = FALSE
	EndGlobalSection
	GlobalSection(ExtensibilityGlobals) = postSolution
		SolutionGuid = {DEC8C0AC-1AC1-4B8E-BBF1-F802C726DDA4}
	EndGlobalSection
EndGlobal
